{
  "version": 4,
  "terraform_version": "1.13.3",
  "serial": 1,
  "lineage": "27fbdfde-1dbc-eb1f-4eda-94ab95eb4a8c",
  "outputs": {},
  "resources": [
    {
      "mode": "data",
      "type": "aws_iam_role",
      "name": "ecs_task_execution_role",
      "provider": "provider[\"registry.terraform.io/hashicorp/aws\"]",
      "instances": [
        {
          "schema_version": 0,
          "attributes": {
            "arn": "arn:aws:iam::129033205317:role/ecsTaskExecutionRole",
            "assume_role_policy": "{\"Version\":\"2012-10-17\",\"Statement\":[{\"Effect\":\"Allow\",\"Principal\":{\"Service\":\"ecs-tasks.amazonaws.com\"},\"Action\":\"sts:AssumeRole\"}]}",
            "create_date": "2024-09-11T12:59:12Z",
            "description": "",
            "id": "ecsTaskExecutionRole",
            "max_session_duration": 3600,
            "name": "ecsTaskExecutionRole",
            "path": "/",
            "permissions_boundary": "",
            "role_last_used": [
              {
                "last_used_date": "2025-11-03T16:55:53Z",
                "region": "eu-west-2"
              }
            ],
            "tags": {
              "Project": "aws-nuke-slack",
              "Purpose": "ECS Task Execution"
            },
            "unique_id": "AROAR4CX2OZCV7DDYZVYK"
          },
          "sensitive_attributes": [],
          "identity_schema_version": 0
        }
      ]
    },
    {
      "mode": "managed",
      "type": "aws_ecs_task_definition",
      "name": "c20-sami-truck-etl-td",
      "provider": "provider[\"registry.terraform.io/hashicorp/aws\"]",
      "instances": [
        {
          "schema_version": 1,
          "attributes": {
            "arn": "arn:aws:ecs:eu-west-2:129033205317:task-definition/c20-sami-truck-td-family:4",
            "arn_without_revision": "arn:aws:ecs:eu-west-2:129033205317:task-definition/c20-sami-truck-td-family",
            "container_definitions": "[{\"environment\":[],\"essential\":true,\"image\":\"129033205317.dkr.ecr.eu-west-2.amazonaws.com/c20-sami-truck-etl-ecr:latest\",\"mountPoints\":[],\"name\":\"c20-sami-truck-etl-ecr\",\"portMappings\":[],\"systemControls\":[],\"volumesFrom\":[]}]",
            "cpu": "256",
            "enable_fault_injection": false,
            "ephemeral_storage": [],
            "execution_role_arn": "arn:aws:iam::129033205317:role/ecsTaskExecutionRole",
            "family": "c20-sami-truck-td-family",
            "id": "c20-sami-truck-td-family",
            "ipc_mode": "",
            "memory": "512",
            "network_mode": "awsvpc",
            "pid_mode": "",
            "placement_constraints": [],
            "proxy_configuration": [],
            "region": "eu-west-2",
            "requires_compatibilities": [
              "FARGATE"
            ],
            "revision": 4,
            "runtime_platform": [],
            "skip_destroy": false,
            "tags": null,
            "tags_all": {},
            "task_role_arn": "arn:aws:iam::129033205317:role/ecsTaskExecutionRole",
            "track_latest": false,
            "volume": []
          },
          "sensitive_attributes": [],
          "identity_schema_version": 0,
          "private": "eyJzY2hlbWFfdmVyc2lvbiI6IjEifQ==",
          "dependencies": [
            "data.aws_iam_role.ecs_task_execution_role"
          ]
        }
      ]
    }
  ],
  "check_results": null
}
